
Microsoft Visual Studio Solution File, Format Version 12.00
# Visual Studio Version 16
VisualStudioVersion = 16.0.30523.141
MinimumVisualStudioVersion = 10.0.40219.1
Project("{FAE04EC0-301F-11D3-BF4B-00C04F79EFBC}") = "csc555WebApps", "csc555WebApps\csc555WebApps.csproj", "{C3922811-E4A1-4F11-A103-9AFA27E65567}"
EndProject
Global
	GlobalSection(SolutionConfigurationPlatforms) = preSolution
		Debug|Any CPU = Debug|Any CPU
		Release|Any CPU = Release|Any CPU
	EndGlobalSection
	GlobalSection(ProjectConfigurationPlatforms) = postSolution
		{C3922811-E4A1-4F11-A103-9AFA27E65567}.Debug|Any CPU.ActiveCfg = Debug|Any CPU
		{C3922811-E4A1-4F11-A103-9AFA27E65567}.Debug|Any CPU.Build.0 = Debug|Any CPU
		{C3922811-E4A1-4F11-A103-9AFA27E65567}.Release|Any CPU.ActiveCfg = Release|Any CPU
		{C3922811-E4A1-4F11-A103-9AFA27E65567}.Release|Any CPU.Build.0 = Release|Any CPU
	EndGlobalSection
	GlobalSection(SolutionProperties) = preSolution
		HideSolutionNode = FALSE
	EndGlobalSection
	GlobalSection(ExtensibilityGlobals) = postSolution
		SolutionGuid = {4444A9D2-9A09-4B1E-B483-59B2F93A86E4}
	EndGlobalSection
EndGlobal
