
Microsoft Visual Studio Solution File, Format Version 12.00
# Visual Studio Version 16
VisualStudioVersion = 16.0.30413.136
MinimumVisualStudioVersion = 10.0.40219.1
Project("{8BC9CEB8-8B4A-11D0-8D11-00A0C91BC942}") = "CPlusPlusCore", "CPlusPlusCore\CPlusPlusCore.vcxproj", "{95A113B9-19EE-4704-91A2-75A7B0F773E1}"
EndProject
Global
	GlobalSection(SolutionConfigurationPlatforms) = preSolution
		Debug|x64 = Debug|x64
		Debug|x86 = Debug|x86
		Release|x64 = Release|x64
		Release|x86 = Release|x86
	EndGlobalSection
	GlobalSection(ProjectConfigurationPlatforms) = postSolution
		{95A113B9-19EE-4704-91A2-75A7B0F773E1}.Debug|x64.ActiveCfg = Debug|x64
		{95A113B9-19EE-4704-91A2-75A7B0F773E1}.Debug|x64.Build.0 = Debug|x64
		{95A113B9-19EE-4704-91A2-75A7B0F773E1}.Debug|x86.ActiveCfg = Debug|Win32
		{95A113B9-19EE-4704-91A2-75A7B0F773E1}.Debug|x86.Build.0 = Debug|Win32
		{95A113B9-19EE-4704-91A2-75A7B0F773E1}.Release|x64.ActiveCfg = Release|x64
		{95A113B9-19EE-4704-91A2-75A7B0F773E1}.Release|x64.Build.0 = Release|x64
		{95A113B9-19EE-4704-91A2-75A7B0F773E1}.Release|x86.ActiveCfg = Release|Win32
		{95A113B9-19EE-4704-91A2-75A7B0F773E1}.Release|x86.Build.0 = Release|Win32
	EndGlobalSection
	GlobalSection(SolutionProperties) = preSolution
		HideSolutionNode = FALSE
	EndGlobalSection
	GlobalSection(ExtensibilityGlobals) = postSolution
		SolutionGuid = {EB26C073-74DC-4222-A6BD-19EC31E0074A}
	EndGlobalSection
EndGlobal
