<?xml version="1.0" encoding="utf-8"?>
<Project ToolsVersion="4.0" xmlns="http://schemas.microsoft.com/developer/msbuild/2003">
  <ItemGroup>
    <Filter Include="Source Files">
      <UniqueIdentifier>{4FC737F1-C7A5-4376-A066-2A32D752A2FF}</UniqueIdentifier>
      <Extensions>cpp;c;cc;cxx;c++;cppm;ixx;def;odl;idl;hpj;bat;asm;asmx</Extensions>
    </Filter>
    <Filter Include="Header Files">
      <UniqueIdentifier>{93995380-89BD-4b04-88EB-625FBE52EBFB}</UniqueIdentifier>
      <Extensions>h;hh;hpp;hxx;h++;hm;inl;inc;ipp;xsd</Extensions>
    </Filter>
    <Filter Include="Resource Files">
      <UniqueIdentifier>{67DA6AB6-F800-4c08-8B7A-83BB121AAD01}</UniqueIdentifier>
      <Extensions>rc;ico;cur;bmp;dlg;rc2;rct;bin;rgs;gif;jpg;jpeg;jpe;resx;tiff;tif;png;wav;mfcribbon-ms</Extensions>
    </Filter>
    <Filter Include="Source Files\STLandTemplates">
      <UniqueIdentifier>{4081dff9-e42b-4c05-90d8-b77b9ba04b09}</UniqueIdentifier>
    </Filter>
  </ItemGroup>
  <ItemGroup>
    <ClCompile Include="small.cpp">
      <Filter>Source Files</Filter>
    </ClCompile>
    <ClCompile Include="testclass.cpp">
      <Filter>Source Files</Filter>
    </ClCompile>
    <ClCompile Include="matrix.cpp">
      <Filter>Source Files</Filter>
    </ClCompile>
    <ClCompile Include="usealgo.cpp">
      <Filter>Source Files\STLandTemplates</Filter>
    </ClCompile>
    <ClCompile Include="vect1.cpp">
      <Filter>Source Files\STLandTemplates</Filter>
    </ClCompile>
    <ClCompile Include="vect2.cpp">
      <Filter>Source Files\STLandTemplates</Filter>
    </ClCompile>
    <ClCompile Include="inserts.cpp">
      <Filter>Source Files\STLandTemplates</Filter>
    </ClCompile>
    <ClCompile Include="setops.cpp">
      <Filter>Source Files\STLandTemplates</Filter>
    </ClCompile>
    <ClCompile Include="multmap.cpp">
      <Filter>Source Files\STLandTemplates</Filter>
    </ClCompile>
    <ClCompile Include="smrtptrs.cpp">
      <Filter>Source Files\STLandTemplates</Filter>
    </ClCompile>
    <ClCompile Include="STL.cpp">
      <Filter>Source Files\STLandTemplates</Filter>
    </ClCompile>
    <ClCompile Include="usett0.cpp">
      <Filter>Source Files\STLandTemplates</Filter>
    </ClCompile>
    <ClCompile Include="tabtenn0.cpp">
      <Filter>Source Files\STLandTemplates</Filter>
    </ClCompile>
    <ClCompile Include="brass.cpp">
      <Filter>Source Files\STLandTemplates</Filter>
    </ClCompile>
    <ClCompile Include="Resource.cpp">
      <Filter>Source Files</Filter>
    </ClCompile>
    <ClCompile Include="Driver.cpp">
      <Filter>Source Files</Filter>
    </ClCompile>
  </ItemGroup>
  <ItemGroup>
    <ClInclude Include="testclass.h">
      <Filter>Header Files</Filter>
    </ClInclude>
    <ClInclude Include="matrix.h">
      <Filter>Header Files</Filter>
    </ClInclude>
    <ClInclude Include="small.h">
      <Filter>Header Files</Filter>
    </ClInclude>
    <ClInclude Include="STL.h">
      <Filter>Header Files</Filter>
    </ClInclude>
    <ClInclude Include="tabtenn0.h">
      <Filter>Header Files</Filter>
    </ClInclude>
    <ClInclude Include="brass.h">
      <Filter>Header Files</Filter>
    </ClInclude>
    <ClInclude Include="Resource.h">
      <Filter>Header Files</Filter>
    </ClInclude>
    <ClInclude Include="Driver.h">
      <Filter>Header Files</Filter>
    </ClInclude>
  </ItemGroup>
</Project>